// !$*UTF8*$!
{
	archiveVersion = 1;
	classes = {
	};
	objectVersion = 56;
	objects = {

/* Begin PBXBuildFile section */
		592D594E2AEC08310057A34A /* RealmModel.swift in Sources */ = {isa = PBXBuildFile; fileRef = 592D594D2AEC08310057A34A /* RealmModel.swift */; };
		596681AD2AED1F2F00DF9AA0 /* Kingfisher in Frameworks */ = {isa = PBXBuildFile; productRef = 596681AC2AED1F2F00DF9AA0 /* Kingfisher */; };
		596681B02AED1FEC00DF9AA0 /* Connectivity in Frameworks */ = {isa = PBXBuildFile; productRef = 596681AF2AED1FEC00DF9AA0 /* Connectivity */; };
		596681B32AED22D800DF9AA0 /* Realm in Frameworks */ = {isa = PBXBuildFile; productRef = 596681B22AED22D800DF9AA0 /* Realm */; };
		596681B52AED22D800DF9AA0 /* RealmSwift in Frameworks */ = {isa = PBXBuildFile; productRef = 596681B42AED22D800DF9AA0 /* RealmSwift */; };
		596681B82AED246D00DF9AA0 /* Alamofire in Frameworks */ = {isa = PBXBuildFile; productRef = 596681B72AED246D00DF9AA0 /* Alamofire */; };
		5978C3882AEAA72A00321B6A /* UIView+showAlert.swift in Sources */ = {isa = PBXBuildFile; fileRef = 5978C3872AEAA72A00321B6A /* UIView+showAlert.swift */; };
		59C9FC2A2AE930C4002DF785 /* AppDelegate.swift in Sources */ = {isa = PBXBuildFile; fileRef = 59C9FC292AE930C4002DF785 /* AppDelegate.swift */; };
		59C9FC2C2AE930C4002DF785 /* SceneDelegate.swift in Sources */ = {isa = PBXBuildFile; fileRef = 59C9FC2B2AE930C4002DF785 /* SceneDelegate.swift */; };
		59C9FC2E2AE930C4002DF785 /* ViewController.swift in Sources */ = {isa = PBXBuildFile; fileRef = 59C9FC2D2AE930C4002DF785 /* ViewController.swift */; };
		59C9FC312AE930C4002DF785 /* Main.storyboard in Resources */ = {isa = PBXBuildFile; fileRef = 59C9FC2F2AE930C4002DF785 /* Main.storyboard */; };
		59C9FC332AE930C4002DF785 /* Assets.xcassets in Resources */ = {isa = PBXBuildFile; fileRef = 59C9FC322AE930C4002DF785 /* Assets.xcassets */; };
		59C9FC362AE930C4002DF785 /* LaunchScreen.storyboard in Resources */ = {isa = PBXBuildFile; fileRef = 59C9FC342AE930C4002DF785 /* LaunchScreen.storyboard */; };
		59C9FC412AE930C5002DF785 /* GitGlimpseTests.swift in Sources */ = {isa = PBXBuildFile; fileRef = 59C9FC402AE930C5002DF785 /* GitGlimpseTests.swift */; };
		59C9FC4B2AE930C5002DF785 /* GitGlimpseUITests.swift in Sources */ = {isa = PBXBuildFile; fileRef = 59C9FC4A2AE930C5002DF785 /* GitGlimpseUITests.swift */; };
		59C9FC4D2AE930C5002DF785 /* GitGlimpseUITestsLaunchTests.swift in Sources */ = {isa = PBXBuildFile; fileRef = 59C9FC4C2AE930C5002DF785 /* GitGlimpseUITestsLaunchTests.swift */; };
		59C9FC5A2AE930DE002DF785 /* Model.swift in Sources */ = {isa = PBXBuildFile; fileRef = 59C9FC592AE930DE002DF785 /* Model.swift */; };
		59C9FC5C2AE9310B002DF785 /* APIManager.swift in Sources */ = {isa = PBXBuildFile; fileRef = 59C9FC5B2AE9310B002DF785 /* APIManager.swift */; };
		59C9FC5E2AE93B10002DF785 /* RepoViewModel.swift in Sources */ = {isa = PBXBuildFile; fileRef = 59C9FC5D2AE93B10002DF785 /* RepoViewModel.swift */; };
		59C9FC612AE93BD3002DF785 /* RepoTableViewCell.swift in Sources */ = {isa = PBXBuildFile; fileRef = 59C9FC5F2AE93BD3002DF785 /* RepoTableViewCell.swift */; };
		59C9FC622AE93BD3002DF785 /* RepoTableViewCell.xib in Resources */ = {isa = PBXBuildFile; fileRef = 59C9FC602AE93BD3002DF785 /* RepoTableViewCell.xib */; };
		59C9FC642AE9819A002DF785 /* UIView+dropShadow.swift in Sources */ = {isa = PBXBuildFile; fileRef = 59C9FC632AE9819A002DF785 /* UIView+dropShadow.swift */; };
/* End PBXBuildFile section */

/* Begin PBXContainerItemProxy section */
		59C9FC3D2AE930C5002DF785 /* PBXContainerItemProxy */ = {
			isa = PBXContainerItemProxy;
			containerPortal = 59C9FC1E2AE930C4002DF785 /* Project object */;
			proxyType = 1;
			remoteGlobalIDString = 59C9FC252AE930C4002DF785;
			remoteInfo = GitGlimpse;
		};
		59C9FC472AE930C5002DF785 /* PBXContainerItemProxy */ = {
			isa = PBXContainerItemProxy;
			containerPortal = 59C9FC1E2AE930C4002DF785 /* Project object */;
			proxyType = 1;
			remoteGlobalIDString = 59C9FC252AE930C4002DF785;
			remoteInfo = GitGlimpse;
		};
/* End PBXContainerItemProxy section */

/* Begin PBXFileReference section */
		592D594D2AEC08310057A34A /* RealmModel.swift */ = {isa = PBXFileReference; lastKnownFileType = sourcecode.swift; path = RealmModel.swift; sourceTree = "<group>"; };
		5978C3872AEAA72A00321B6A /* UIView+showAlert.swift */ = {isa = PBXFileReference; lastKnownFileType = sourcecode.swift; path = "UIView+showAlert.swift"; sourceTree = "<group>"; };
		59C9FC262AE930C4002DF785 /* GitGlimpse.app */ = {isa = PBXFileReference; explicitFileType = wrapper.application; includeInIndex = 0; path = GitGlimpse.app; sourceTree = BUILT_PRODUCTS_DIR; };
		59C9FC292AE930C4002DF785 /* AppDelegate.swift */ = {isa = PBXFileReference; lastKnownFileType = sourcecode.swift; path = AppDelegate.swift; sourceTree = "<group>"; };
		59C9FC2B2AE930C4002DF785 /* SceneDelegate.swift */ = {isa = PBXFileReference; lastKnownFileType = sourcecode.swift; path = SceneDelegate.swift; sourceTree = "<group>"; };
		59C9FC2D2AE930C4002DF785 /* ViewController.swift */ = {isa = PBXFileReference; lastKnownFileType = sourcecode.swift; path = ViewController.swift; sourceTree = "<group>"; };
		59C9FC302AE930C4002DF785 /* Base */ = {isa = PBXFileReference; lastKnownFileType = file.storyboard; name = Base; path = Base.lproj/Main.storyboard; sourceTree = "<group>"; };
		59C9FC322AE930C4002DF785 /* Assets.xcassets */ = {isa = PBXFileReference; lastKnownFileType = folder.assetcatalog; path = Assets.xcassets; sourceTree = "<group>"; };
		59C9FC352AE930C4002DF785 /* Base */ = {isa = PBXFileReference; lastKnownFileType = file.storyboard; name = Base; path = Base.lproj/LaunchScreen.storyboard; sourceTree = "<group>"; };
		59C9FC372AE930C4002DF785 /* Info.plist */ = {isa = PBXFileReference; lastKnownFileType = text.plist.xml; path = Info.plist; sourceTree = "<group>"; };
		59C9FC3C2AE930C5002DF785 /* GitGlimpseTests.xctest */ = {isa = PBXFileReference; explicitFileType = wrapper.cfbundle; includeInIndex = 0; path = GitGlimpseTests.xctest; sourceTree = BUILT_PRODUCTS_DIR; };
		59C9FC402AE930C5002DF785 /* GitGlimpseTests.swift */ = {isa = PBXFileReference; lastKnownFileType = sourcecode.swift; path = GitGlimpseTests.swift; sourceTree = "<group>"; };
		59C9FC462AE930C5002DF785 /* GitGlimpseUITests.xctest */ = {isa = PBXFileReference; explicitFileType = wrapper.cfbundle; includeInIndex = 0; path = GitGlimpseUITests.xctest; sourceTree = BUILT_PRODUCTS_DIR; };
		59C9FC4A2AE930C5002DF785 /* GitGlimpseUITests.swift */ = {isa = PBXFileReference; lastKnownFileType = sourcecode.swift; path = GitGlimpseUITests.swift; sourceTree = "<group>"; };
		59C9FC4C2AE930C5002DF785 /* GitGlimpseUITestsLaunchTests.swift */ = {isa = PBXFileReference; lastKnownFileType = sourcecode.swift; path = GitGlimpseUITestsLaunchTests.swift; sourceTree = "<group>"; };
		59C9FC592AE930DE002DF785 /* Model.swift */ = {isa = PBXFileReference; lastKnownFileType = sourcecode.swift; path = Model.swift; sourceTree = "<group>"; };
		59C9FC5B2AE9310B002DF785 /* APIManager.swift */ = {isa = PBXFileReference; lastKnownFileType = sourcecode.swift; path = APIManager.swift; sourceTree = "<group>"; };
		59C9FC5D2AE93B10002DF785 /* RepoViewModel.swift */ = {isa = PBXFileReference; lastKnownFileType = sourcecode.swift; path = RepoViewModel.swift; sourceTree = "<group>"; };
		59C9FC5F2AE93BD3002DF785 /* RepoTableViewCell.swift */ = {isa = PBXFileReference; lastKnownFileType = sourcecode.swift; path = RepoTableViewCell.swift; sourceTree = "<group>"; };
		59C9FC602AE93BD3002DF785 /* RepoTableViewCell.xib */ = {isa = PBXFileReference; lastKnownFileType = file.xib; path = RepoTableViewCell.xib; sourceTree = "<group>"; };
		59C9FC632AE9819A002DF785 /* UIView+dropShadow.swift */ = {isa = PBXFileReference; lastKnownFileType = sourcecode.swift; path = "UIView+dropShadow.swift"; sourceTree = "<group>"; };
/* End PBXFileReference section */

/* Begin PBXFrameworksBuildPhase section */
		59C9FC232AE930C4002DF785 /* Frameworks */ = {
			isa = PBXFrameworksBuildPhase;
			buildActionMask = 2147483647;
			files = (
				596681B82AED246D00DF9AA0 /* Alamofire in Frameworks */,
				596681B52AED22D800DF9AA0 /* RealmSwift in Frameworks */,
				596681B32AED22D800DF9AA0 /* Realm in Frameworks */,
				596681AD2AED1F2F00DF9AA0 /* Kingfisher in Frameworks */,
				596681B02AED1FEC00DF9AA0 /* Connectivity in Frameworks */,
			);
			runOnlyForDeploymentPostprocessing = 0;
		};
		59C9FC392AE930C5002DF785 /* Frameworks */ = {
			isa = PBXFrameworksBuildPhase;
			buildActionMask = 2147483647;
			files = (
			);
			runOnlyForDeploymentPostprocessing = 0;
		};
		59C9FC432AE930C5002DF785 /* Frameworks */ = {
			isa = PBXFrameworksBuildPhase;
			buildActionMask = 2147483647;
			files = (
			);
			runOnlyForDeploymentPostprocessing = 0;
		};
/* End PBXFrameworksBuildPhase section */

/* Begin PBXGroup section */
		59C9FC1D2AE930C4002DF785 = {
			isa = PBXGroup;
			children = (
				59C9FC282AE930C4002DF785 /* GitGlimpse */,
				59C9FC3F2AE930C5002DF785 /* GitGlimpseTests */,
				59C9FC492AE930C5002DF785 /* GitGlimpseUITests */,
				59C9FC272AE930C4002DF785 /* Products */,
			);
			sourceTree = "<group>";
		};
		59C9FC272AE930C4002DF785 /* Products */ = {
			isa = PBXGroup;
			children = (
				59C9FC262AE930C4002DF785 /* GitGlimpse.app */,
				59C9FC3C2AE930C5002DF785 /* GitGlimpseTests.xctest */,
				59C9FC462AE930C5002DF785 /* GitGlimpseUITests.xctest */,
			);
			name = Products;
			sourceTree = "<group>";
		};
		59C9FC282AE930C4002DF785 /* GitGlimpse */ = {
			isa = PBXGroup;
			children = (
				59C9FC6B2AE986A2002DF785 /* Networking */,
				59C9FC6A2AE9868E002DF785 /* SupportingFiles */,
				59C9FC692AE98681002DF785 /* Extension */,
				59C9FC672AE9862E002DF785 /* Model */,
				59C9FC662AE98627002DF785 /* ViewModel */,
				59C9FC652AE98621002DF785 /* View */,
				59C9FC322AE930C4002DF785 /* Assets.xcassets */,
				59C9FC372AE930C4002DF785 /* Info.plist */,
			);
			path = GitGlimpse;
			sourceTree = "<group>";
		};
		59C9FC3F2AE930C5002DF785 /* GitGlimpseTests */ = {
			isa = PBXGroup;
			children = (
				59C9FC402AE930C5002DF785 /* GitGlimpseTests.swift */,
			);
			path = GitGlimpseTests;
			sourceTree = "<group>";
		};
		59C9FC492AE930C5002DF785 /* GitGlimpseUITests */ = {
			isa = PBXGroup;
			children = (
				59C9FC4A2AE930C5002DF785 /* GitGlimpseUITests.swift */,
				59C9FC4C2AE930C5002DF785 /* GitGlimpseUITestsLaunchTests.swift */,
			);
			path = GitGlimpseUITests;
			sourceTree = "<group>";
		};
		59C9FC652AE98621002DF785 /* View */ = {
			isa = PBXGroup;
			children = (
				59C9FC682AE9865B002DF785 /* Cell */,
				59C9FC2F2AE930C4002DF785 /* Main.storyboard */,
				59C9FC342AE930C4002DF785 /* LaunchScreen.storyboard */,
				59C9FC2D2AE930C4002DF785 /* ViewController.swift */,
			);
			path = View;
			sourceTree = "<group>";
		};
		59C9FC662AE98627002DF785 /* ViewModel */ = {
			isa = PBXGroup;
			children = (
				59C9FC5D2AE93B10002DF785 /* RepoViewModel.swift */,
			);
			path = ViewModel;
			sourceTree = "<group>";
		};
		59C9FC672AE9862E002DF785 /* Model */ = {
			isa = PBXGroup;
			children = (
				59C9FC592AE930DE002DF785 /* Model.swift */,
				592D594D2AEC08310057A34A /* RealmModel.swift */,
			);
			path = Model;
			sourceTree = "<group>";
		};
		59C9FC682AE9865B002DF785 /* Cell */ = {
			isa = PBXGroup;
			children = (
				59C9FC602AE93BD3002DF785 /* RepoTableViewCell.xib */,
				59C9FC5F2AE93BD3002DF785 /* RepoTableViewCell.swift */,
			);
			path = Cell;
			sourceTree = "<group>";
		};
		59C9FC692AE98681002DF785 /* Extension */ = {
			isa = PBXGroup;
			children = (
				59C9FC632AE9819A002DF785 /* UIView+dropShadow.swift */,
				5978C3872AEAA72A00321B6A /* UIView+showAlert.swift */,
			);
			path = Extension;
			sourceTree = "<group>";
		};
		59C9FC6A2AE9868E002DF785 /* SupportingFiles */ = {
			isa = PBXGroup;
			children = (
				59C9FC2B2AE930C4002DF785 /* SceneDelegate.swift */,
				59C9FC292AE930C4002DF785 /* AppDelegate.swift */,
			);
			path = SupportingFiles;
			sourceTree = "<group>";
		};
		59C9FC6B2AE986A2002DF785 /* Networking */ = {
			isa = PBXGroup;
			children = (
				59C9FC5B2AE9310B002DF785 /* APIManager.swift */,
			);
			path = Networking;
			sourceTree = "<group>";
		};
/* End PBXGroup section */

/* Begin PBXNativeTarget section */
		59C9FC252AE930C4002DF785 /* GitGlimpse */ = {
			isa = PBXNativeTarget;
			buildConfigurationList = 59C9FC502AE930C5002DF785 /* Build configuration list for PBXNativeTarget "GitGlimpse" */;
			buildPhases = (
				59C9FC222AE930C4002DF785 /* Sources */,
				59C9FC232AE930C4002DF785 /* Frameworks */,
				59C9FC242AE930C4002DF785 /* Resources */,
			);
			buildRules = (
			);
			dependencies = (
			);
			name = GitGlimpse;
			packageProductDependencies = (
				596681AC2AED1F2F00DF9AA0 /* Kingfisher */,
				596681AF2AED1FEC00DF9AA0 /* Connectivity */,
				596681B22AED22D800DF9AA0 /* Realm */,
				596681B42AED22D800DF9AA0 /* RealmSwift */,
				596681B72AED246D00DF9AA0 /* Alamofire */,
			);
			productName = GitGlimpse;
			productReference = 59C9FC262AE930C4002DF785 /* GitGlimpse.app */;
			productType = "com.apple.product-type.application";
		};
		59C9FC3B2AE930C5002DF785 /* GitGlimpseTests */ = {
			isa = PBXNativeTarget;
			buildConfigurationList = 59C9FC532AE930C5002DF785 /* Build configuration list for PBXNativeTarget "GitGlimpseTests" */;
			buildPhases = (
				A1345E291AE5B219538F0ABA /* [CP] Check Pods Manifest.lock */,
				59C9FC382AE930C5002DF785 /* Sources */,
				59C9FC392AE930C5002DF785 /* Frameworks */,
				59C9FC3A2AE930C5002DF785 /* Resources */,
			);
			buildRules = (
			);
			dependencies = (
				59C9FC3E2AE930C5002DF785 /* PBXTargetDependency */,
			);
			name = GitGlimpseTests;
			productName = GitGlimpseTests;
			productReference = 59C9FC3C2AE930C5002DF785 /* GitGlimpseTests.xctest */;
			productType = "com.apple.product-type.bundle.unit-test";
		};
		59C9FC452AE930C5002DF785 /* GitGlimpseUITests */ = {
			isa = PBXNativeTarget;
			buildConfigurationList = 59C9FC562AE930C5002DF785 /* Build configuration list for PBXNativeTarget "GitGlimpseUITests" */;
			buildPhases = (
				4B02813FBD7BC74E00CE8E9D /* [CP] Check Pods Manifest.lock */,
				59C9FC422AE930C5002DF785 /* Sources */,
				59C9FC432AE930C5002DF785 /* Frameworks */,
				59C9FC442AE930C5002DF785 /* Resources */,
				6C20585DD28F09802968FB34 /* [CP] Embed Pods Frameworks */,
			);
			buildRules = (
			);
			dependencies = (
				59C9FC482AE930C5002DF785 /* PBXTargetDependency */,
			);
			name = GitGlimpseUITests;
			productName = GitGlimpseUITests;
			productReference = 59C9FC462AE930C5002DF785 /* GitGlimpseUITests.xctest */;
			productType = "com.apple.product-type.bundle.ui-testing";
		};
/* End PBXNativeTarget section */

/* Begin PBXProject section */
		59C9FC1E2AE930C4002DF785 /* Project object */ = {
			isa = PBXProject;
			attributes = {
				BuildIndependentTargetsInParallel = 1;
				LastSwiftUpdateCheck = 1500;
				LastUpgradeCheck = 1500;
				TargetAttributes = {
					59C9FC252AE930C4002DF785 = {
						CreatedOnToolsVersion = 15.0;
					};
					59C9FC3B2AE930C5002DF785 = {
						CreatedOnToolsVersion = 15.0;
						TestTargetID = 59C9FC252AE930C4002DF785;
					};
					59C9FC452AE930C5002DF785 = {
						CreatedOnToolsVersion = 15.0;
						TestTargetID = 59C9FC252AE930C4002DF785;
					};
				};
			};
			buildConfigurationList = 59C9FC212AE930C4002DF785 /* Build configuration list for PBXProject "GitGlimpse" */;
			compatibilityVersion = "Xcode 14.0";
			developmentRegion = en;
			hasScannedForEncodings = 0;
			knownRegions = (
				en,
				Base,
			);
			mainGroup = 59C9FC1D2AE930C4002DF785;
			packageReferences = (
				596681AB2AED1F2F00DF9AA0 /* XCRemoteSwiftPackageReference "Kingfisher" */,
				596681AE2AED1FEC00DF9AA0 /* XCRemoteSwiftPackageReference "Connectivity" */,
				596681B12AED207D00DF9AA0 /* XCRemoteSwiftPackageReference "realm-swift" */,
				596681B62AED246D00DF9AA0 /* XCRemoteSwiftPackageReference "Alamofire" */,
			);
			productRefGroup = 59C9FC272AE930C4002DF785 /* Products */;
			projectDirPath = "";
			projectRoot = "";
			targets = (
				59C9FC252AE930C4002DF785 /* GitGlimpse */,
				59C9FC3B2AE930C5002DF785 /* GitGlimpseTests */,
				59C9FC452AE930C5002DF785 /* GitGlimpseUITests */,
			);
		};
/* End PBXProject section */

/* Begin PBXResourcesBuildPhase section */
		59C9FC242AE930C4002DF785 /* Resources */ = {
			isa = PBXResourcesBuildPhase;
			buildActionMask = 2147483647;
			files = (
				59C9FC362AE930C4002DF785 /* LaunchScreen.storyboard in Resources */,
				59C9FC332AE930C4002DF785 /* Assets.xcassets in Resources */,
				59C9FC312AE930C4002DF785 /* Main.storyboard in Resources */,
				59C9FC622AE93BD3002DF785 /* RepoTableViewCell.xib in Resources */,
			);
			runOnlyForDeploymentPostprocessing = 0;
		};
		59C9FC3A2AE930C5002DF785 /* Resources */ = {
			isa = PBXResourcesBuildPhase;
			buildActionMask = 2147483647;
			files = (
			);
			runOnlyForDeploymentPostprocessing = 0;
		};
		59C9FC442AE930C5002DF785 /* Resources */ = {
			isa = PBXResourcesBuildPhase;
			buildActionMask = 2147483647;
			files = (
			);
			runOnlyForDeploymentPostprocessing = 0;
		};
/* End PBXResourcesBuildPhase section */

/* Begin PBXShellScriptBuildPhase section */
		4B02813FBD7BC74E00CE8E9D /* [CP] Check Pods Manifest.lock */ = {
			isa = PBXShellScriptBuildPhase;
			buildActionMask = 2147483647;
			files = (
			);
			inputFileListPaths = (
			);
			inputPaths = (
				"${PODS_PODFILE_DIR_PATH}/Podfile.lock",
				"${PODS_ROOT}/Manifest.lock",
			);
			name = "[CP] Check Pods Manifest.lock";
			outputFileListPaths = (
			);
			outputPaths = (
				"$(DERIVED_FILE_DIR)/Pods-GitGlimpse-GitGlimpseUITests-checkManifestLockResult.txt",
			);
			runOnlyForDeploymentPostprocessing = 0;
			shellPath = /bin/sh;
			shellScript = "diff \"${PODS_PODFILE_DIR_PATH}/Podfile.lock\" \"${PODS_ROOT}/Manifest.lock\" > /dev/null\nif [ $? != 0 ] ; then\n    # print error to STDERR\n    echo \"error: The sandbox is not in sync with the Podfile.lock. Run 'pod install' or update your CocoaPods installation.\" >&2\n    exit 1\nfi\n# This output is used by Xcode 'outputs' to avoid re-running this script phase.\necho \"SUCCESS\" > \"${SCRIPT_OUTPUT_FILE_0}\"\n";
			showEnvVarsInLog = 0;
		};
		6C20585DD28F09802968FB34 /* [CP] Embed Pods Frameworks */ = {
			isa = PBXShellScriptBuildPhase;
			buildActionMask = 2147483647;
			files = (
			);
			inputFileListPaths = (
				"${PODS_ROOT}/Target Support Files/Pods-GitGlimpse-GitGlimpseUITests/Pods-GitGlimpse-GitGlimpseUITests-frameworks-${CONFIGURATION}-input-files.xcfilelist",
			);
			name = "[CP] Embed Pods Frameworks";
			outputFileListPaths = (
				"${PODS_ROOT}/Target Support Files/Pods-GitGlimpse-GitGlimpseUITests/Pods-GitGlimpse-GitGlimpseUITests-frameworks-${CONFIGURATION}-output-files.xcfilelist",
			);
			runOnlyForDeploymentPostprocessing = 0;
			shellPath = /bin/sh;
			shellScript = "\"${PODS_ROOT}/Target Support Files/Pods-GitGlimpse-GitGlimpseUITests/Pods-GitGlimpse-GitGlimpseUITests-frameworks.sh\"\n";
			showEnvVarsInLog = 0;
		};
		A1345E291AE5B219538F0ABA /* [CP] Check Pods Manifest.lock */ = {
			isa = PBXShellScriptBuildPhase;
			buildActionMask = 2147483647;
			files = (
			);
			inputFileListPaths = (
			);
			inputPaths = (
				"${PODS_PODFILE_DIR_PATH}/Podfile.lock",
				"${PODS_ROOT}/Manifest.lock",
			);
			name = "[CP] Check Pods Manifest.lock";
			outputFileListPaths = (
			);
			outputPaths = (
				"$(DERIVED_FILE_DIR)/Pods-GitGlimpseTests-checkManifestLockResult.txt",
			);
			runOnlyForDeploymentPostprocessing = 0;
			shellPath = /bin/sh;
			shellScript = "diff \"${PODS_PODFILE_DIR_PATH}/Podfile.lock\" \"${PODS_ROOT}/Manifest.lock\" > /dev/null\nif [ $? != 0 ] ; then\n    # print error to STDERR\n    echo \"error: The sandbox is not in sync with the Podfile.lock. Run 'pod install' or update your CocoaPods installation.\" >&2\n    exit 1\nfi\n# This output is used by Xcode 'outputs' to avoid re-running this script phase.\necho \"SUCCESS\" > \"${SCRIPT_OUTPUT_FILE_0}\"\n";
			showEnvVarsInLog = 0;
		};
/* End PBXShellScriptBuildPhase section */

/* Begin PBXSourcesBuildPhase section */
		59C9FC222AE930C4002DF785 /* Sources */ = {
			isa = PBXSourcesBuildPhase;
			buildActionMask = 2147483647;
			files = (
				59C9FC2E2AE930C4002DF785 /* ViewController.swift in Sources */,
				59C9FC642AE9819A002DF785 /* UIView+dropShadow.swift in Sources */,
				59C9FC2A2AE930C4002DF785 /* AppDelegate.swift in Sources */,
				592D594E2AEC08310057A34A /* RealmModel.swift in Sources */,
				59C9FC5C2AE9310B002DF785 /* APIManager.swift in Sources */,
				59C9FC612AE93BD3002DF785 /* RepoTableViewCell.swift in Sources */,
				59C9FC2C2AE930C4002DF785 /* SceneDelegate.swift in Sources */,
				59C9FC5E2AE93B10002DF785 /* RepoViewModel.swift in Sources */,
				5978C3882AEAA72A00321B6A /* UIView+showAlert.swift in Sources */,
				59C9FC5A2AE930DE002DF785 /* Model.swift in Sources */,
			);
			runOnlyForDeploymentPostprocessing = 0;
		};
		59C9FC382AE930C5002DF785 /* Sources */ = {
			isa = PBXSourcesBuildPhase;
			buildActionMask = 2147483647;
			files = (
				59C9FC412AE930C5002DF785 /* GitGlimpseTests.swift in Sources */,
			);
			runOnlyForDeploymentPostprocessing = 0;
		};
		59C9FC422AE930C5002DF785 /* Sources */ = {
			isa = PBXSourcesBuildPhase;
			buildActionMask = 2147483647;
			files = (
				59C9FC4B2AE930C5002DF785 /* GitGlimpseUITests.swift in Sources */,
				59C9FC4D2AE930C5002DF785 /* GitGlimpseUITestsLaunchTests.swift in Sources */,
			);
			runOnlyForDeploymentPostprocessing = 0;
		};
/* End PBXSourcesBuildPhase section */

/* Begin PBXTargetDependency section */
		59C9FC3E2AE930C5002DF785 /* PBXTargetDependency */ = {
			isa = PBXTargetDependency;
			target = 59C9FC252AE930C4002DF785 /* GitGlimpse */;
			targetProxy = 59C9FC3D2AE930C5002DF785 /* PBXContainerItemProxy */;
		};
		59C9FC482AE930C5002DF785 /* PBXTargetDependency */ = {
			isa = PBXTargetDependency;
			target = 59C9FC252AE930C4002DF785 /* GitGlimpse */;
			targetProxy = 59C9FC472AE930C5002DF785 /* PBXContainerItemProxy */;
		};
/* End PBXTargetDependency section */

/* Begin PBXVariantGroup section */
		59C9FC2F2AE930C4002DF785 /* Main.storyboard */ = {
			isa = PBXVariantGroup;
			children = (
				59C9FC302AE930C4002DF785 /* Base */,
			);
			name = Main.storyboard;
			sourceTree = "<group>";
		};
		59C9FC342AE930C4002DF785 /* LaunchScreen.storyboard */ = {
			isa = PBXVariantGroup;
			children = (
				59C9FC352AE930C4002DF785 /* Base */,
			);
			name = LaunchScreen.storyboard;
			sourceTree = "<group>";
		};
/* End PBXVariantGroup section */

/* Begin XCBuildConfiguration section */
		59C9FC4E2AE930C5002DF785 /* Debug */ = {
			isa = XCBuildConfiguration;
			buildSettings = {
				ALWAYS_SEARCH_USER_PATHS = NO;
				ASSETCATALOG_COMPILER_GENERATE_SWIFT_ASSET_SYMBOL_EXTENSIONS = YES;
				CLANG_ANALYZER_NONNULL = YES;
				CLANG_ANALYZER_NUMBER_OBJECT_CONVERSION = YES_AGGRESSIVE;
				CLANG_CXX_LANGUAGE_STANDARD = "gnu++20";
				CLANG_ENABLE_MODULES = YES;
				CLANG_ENABLE_OBJC_ARC = YES;
				CLANG_ENABLE_OBJC_WEAK = YES;
				CLANG_WARN_BLOCK_CAPTURE_AUTORELEASING = YES;
				CLANG_WARN_BOOL_CONVERSION = YES;
				CLANG_WARN_COMMA = YES;
				CLANG_WARN_CONSTANT_CONVERSION = YES;
				CLANG_WARN_DEPRECATED_OBJC_IMPLEMENTATIONS = YES;
				CLANG_WARN_DIRECT_OBJC_ISA_USAGE = YES_ERROR;
				CLANG_WARN_DOCUMENTATION_COMMENTS = YES;
				CLANG_WARN_EMPTY_BODY = YES;
				CLANG_WARN_ENUM_CONVERSION = YES;
				CLANG_WARN_INFINITE_RECURSION = YES;
				CLANG_WARN_INT_CONVERSION = YES;
				CLANG_WARN_NON_LITERAL_NULL_CONVERSION = YES;
				CLANG_WARN_OBJC_IMPLICIT_RETAIN_SELF = YES;
				CLANG_WARN_OBJC_LITERAL_CONVERSION = YES;
				CLANG_WARN_OBJC_ROOT_CLASS = YES_ERROR;
				CLANG_WARN_QUOTED_INCLUDE_IN_FRAMEWORK_HEADER = YES;
				CLANG_WARN_RANGE_LOOP_ANALYSIS = YES;
				CLANG_WARN_STRICT_PROTOTYPES = YES;
				CLANG_WARN_SUSPICIOUS_MOVE = YES;
				CLANG_WARN_UNGUARDED_AVAILABILITY = YES_AGGRESSIVE;
				CLANG_WARN_UNREACHABLE_CODE = YES;
				CLANG_WARN__DUPLICATE_METHOD_MATCH = YES;
				COPY_PHASE_STRIP = NO;
				DEBUG_INFORMATION_FORMAT = dwarf;
				ENABLE_STRICT_OBJC_MSGSEND = YES;
				ENABLE_TESTABILITY = YES;
				ENABLE_USER_SCRIPT_SANDBOXING = YES;
				GCC_C_LANGUAGE_STANDARD = gnu17;
				GCC_DYNAMIC_NO_PIC = NO;
				GCC_NO_COMMON_BLOCKS = YES;
				GCC_OPTIMIZATION_LEVEL = 0;
				GCC_PREPROCESSOR_DEFINITIONS = (
					"DEBUG=1",
					"$(inherited)",
				);
				GCC_WARN_64_TO_32_BIT_CONVERSION = YES;
				GCC_WARN_ABOUT_RETURN_TYPE = YES_ERROR;
				GCC_WARN_UNDECLARED_SELECTOR = YES;
				GCC_WARN_UNINITIALIZED_AUTOS = YES_AGGRESSIVE;
				GCC_WARN_UNUSED_FUNCTION = YES;
				GCC_WARN_UNUSED_VARIABLE = YES;
				IPHONEOS_DEPLOYMENT_TARGET = 17.0;
				LOCALIZATION_PREFERS_STRING_CATALOGS = YES;
				MTL_ENABLE_DEBUG_INFO = INCLUDE_SOURCE;
				MTL_FAST_MATH = YES;
				ONLY_ACTIVE_ARCH = YES;
				SDKROOT = iphoneos;
				SWIFT_ACTIVE_COMPILATION_CONDITIONS = "DEBUG $(inherited)";
				SWIFT_OPTIMIZATION_LEVEL = "-Onone";
			};
			name = Debug;
		};
		59C9FC4F2AE930C5002DF785 /* Release */ = {
			isa = XCBuildConfiguration;
			buildSettings = {
				ALWAYS_SEARCH_USER_PATHS = NO;
				ASSETCATALOG_COMPILER_GENERATE_SWIFT_ASSET_SYMBOL_EXTENSIONS = YES;
				CLANG_ANALYZER_NONNULL = YES;
				CLANG_ANALYZER_NUMBER_OBJECT_CONVERSION = YES_AGGRESSIVE;
				CLANG_CXX_LANGUAGE_STANDARD = "gnu++20";
				CLANG_ENABLE_MODULES = YES;
				CLANG_ENABLE_OBJC_ARC = YES;
				CLANG_ENABLE_OBJC_WEAK = YES;
				CLANG_WARN_BLOCK_CAPTURE_AUTORELEASING = YES;
				CLANG_WARN_BOOL_CONVERSION = YES;
				CLANG_WARN_COMMA = YES;
				CLANG_WARN_CONSTANT_CONVERSION = YES;
				CLANG_WARN_DEPRECATED_OBJC_IMPLEMENTATIONS = YES;
				CLANG_WARN_DIRECT_OBJC_ISA_USAGE = YES_ERROR;
				CLANG_WARN_DOCUMENTATION_COMMENTS = YES;
				CLANG_WARN_EMPTY_BODY = YES;
				CLANG_WARN_ENUM_CONVERSION = YES;
				CLANG_WARN_INFINITE_RECURSION = YES;
				CLANG_WARN_INT_CONVERSION = YES;
				CLANG_WARN_NON_LITERAL_NULL_CONVERSION = YES;
				CLANG_WARN_OBJC_IMPLICIT_RETAIN_SELF = YES;
				CLANG_WARN_OBJC_LITERAL_CONVERSION = YES;
				CLANG_WARN_OBJC_ROOT_CLASS = YES_ERROR;
				CLANG_WARN_QUOTED_INCLUDE_IN_FRAMEWORK_HEADER = YES;
				CLANG_WARN_RANGE_LOOP_ANALYSIS = YES;
				CLANG_WARN_STRICT_PROTOTYPES = YES;
				CLANG_WARN_SUSPICIOUS_MOVE = YES;
				CLANG_WARN_UNGUARDED_AVAILABILITY = YES_AGGRESSIVE;
				CLANG_WARN_UNREACHABLE_CODE = YES;
				CLANG_WARN__DUPLICATE_METHOD_MATCH = YES;
				COPY_PHASE_STRIP = NO;
				DEBUG_INFORMATION_FORMAT = "dwarf-with-dsym";
				ENABLE_NS_ASSERTIONS = NO;
				ENABLE_STRICT_OBJC_MSGSEND = YES;
				ENABLE_USER_SCRIPT_SANDBOXING = YES;
				GCC_C_LANGUAGE_STANDARD = gnu17;
				GCC_NO_COMMON_BLOCKS = YES;
				GCC_WARN_64_TO_32_BIT_CONVERSION = YES;
				GCC_WARN_ABOUT_RETURN_TYPE = YES_ERROR;
				GCC_WARN_UNDECLARED_SELECTOR = YES;
				GCC_WARN_UNINITIALIZED_AUTOS = YES_AGGRESSIVE;
				GCC_WARN_UNUSED_FUNCTION = YES;
				GCC_WARN_UNUSED_VARIABLE = YES;
				IPHONEOS_DEPLOYMENT_TARGET = 17.0;
				LOCALIZATION_PREFERS_STRING_CATALOGS = YES;
				MTL_ENABLE_DEBUG_INFO = NO;
				MTL_FAST_MATH = YES;
				SDKROOT = iphoneos;
				SWIFT_COMPILATION_MODE = wholemodule;
				VALIDATE_PRODUCT = YES;
			};
			name = Release;
		};
		59C9FC512AE930C5002DF785 /* Debug */ = {
			isa = XCBuildConfiguration;
			buildSettings = {
				ASSETCATALOG_COMPILER_APPICON_NAME = AppIcon;
				ASSETCATALOG_COMPILER_GLOBAL_ACCENT_COLOR_NAME = AccentColor;
				CODE_SIGN_STYLE = Automatic;
				CURRENT_PROJECT_VERSION = 1;
				ENABLE_USER_SCRIPT_SANDBOXING = NO;
				GENERATE_INFOPLIST_FILE = YES;
				INFOPLIST_FILE = GitGlimpse/Info.plist;
				INFOPLIST_KEY_UIApplicationSupportsIndirectInputEvents = YES;
				INFOPLIST_KEY_UILaunchStoryboardName = LaunchScreen;
				INFOPLIST_KEY_UIMainStoryboardFile = Main;
				INFOPLIST_KEY_UISupportedInterfaceOrientations_iPad = "UIInterfaceOrientationPortrait UIInterfaceOrientationPortraitUpsideDown UIInterfaceOrientationLandscapeLeft UIInterfaceOrientationLandscapeRight";
				INFOPLIST_KEY_UISupportedInterfaceOrientations_iPhone = "UIInterfaceOrientationPortrait UIInterfaceOrientationLandscapeLeft UIInterfaceOrientationLandscapeRight";
				LD_RUNPATH_SEARCH_PATHS = (
					"$(inherited)",
					"@executable_path/Frameworks",
				);
				MARKETING_VERSION = 1.0;
				PRODUCT_BUNDLE_IDENTIFIER = HodaElnaghy.GitGlimpse;
				PRODUCT_NAME = "$(TARGET_NAME)";
				SWIFT_EMIT_LOC_STRINGS = YES;
				SWIFT_VERSION = 5.0;
				TARGETED_DEVICE_FAMILY = "1,2";
			};
			name = Debug;
		};
		59C9FC522AE930C5002DF785 /* Release */ = {
			isa = XCBuildConfiguration;
			buildSettings = {
				ASSETCATALOG_COMPILER_APPICON_NAME = AppIcon;
				ASSETCATALOG_COMPILER_GLOBAL_ACCENT_COLOR_NAME = AccentColor;
				CODE_SIGN_STYLE = Automatic;
				CURRENT_PROJECT_VERSION = 1;
				ENABLE_USER_SCRIPT_SANDBOXING = NO;
				GENERATE_INFOPLIST_FILE = YES;
				INFOPLIST_FILE = GitGlimpse/Info.plist;
				INFOPLIST_KEY_UIApplicationSupportsIndirectInputEvents = YES;
				INFOPLIST_KEY_UILaunchStoryboardName = LaunchScreen;
				INFOPLIST_KEY_UIMainStoryboardFile = Main;
				INFOPLIST_KEY_UISupportedInterfaceOrientations_iPad = "UIInterfaceOrientationPortrait UIInterfaceOrientationPortraitUpsideDown UIInterfaceOrientationLandscapeLeft UIInterfaceOrientationLandscapeRight";
				INFOPLIST_KEY_UISupportedInterfaceOrientations_iPhone = "UIInterfaceOrientationPortrait UIInterfaceOrientationLandscapeLeft UIInterfaceOrientationLandscapeRight";
				LD_RUNPATH_SEARCH_PATHS = (
					"$(inherited)",
					"@executable_path/Frameworks",
				);
				MARKETING_VERSION = 1.0;
				PRODUCT_BUNDLE_IDENTIFIER = HodaElnaghy.GitGlimpse;
				PRODUCT_NAME = "$(TARGET_NAME)";
				SWIFT_EMIT_LOC_STRINGS = YES;
				SWIFT_VERSION = 5.0;
				TARGETED_DEVICE_FAMILY = "1,2";
			};
			name = Release;
		};
		59C9FC542AE930C5002DF785 /* Debug */ = {
			isa = XCBuildConfiguration;
			buildSettings = {
				ALWAYS_EMBED_SWIFT_STANDARD_LIBRARIES = YES;
				BUNDLE_LOADER = "$(TEST_HOST)";
				CODE_SIGN_STYLE = Automatic;
				CURRENT_PROJECT_VERSION = 1;
				GENERATE_INFOPLIST_FILE = YES;
				IPHONEOS_DEPLOYMENT_TARGET = 17.0;
				MARKETING_VERSION = 1.0;
				PRODUCT_BUNDLE_IDENTIFIER = HodaElnaghy.GitGlimpseTests;
				PRODUCT_NAME = "$(TARGET_NAME)";
				SWIFT_EMIT_LOC_STRINGS = NO;
				SWIFT_VERSION = 5.0;
				TARGETED_DEVICE_FAMILY = "1,2";
				TEST_HOST = "$(BUILT_PRODUCTS_DIR)/GitGlimpse.app/$(BUNDLE_EXECUTABLE_FOLDER_PATH)/GitGlimpse";
			};
			name = Debug;
		};
		59C9FC552AE930C5002DF785 /* Release */ = {
			isa = XCBuildConfiguration;
			buildSettings = {
				ALWAYS_EMBED_SWIFT_STANDARD_LIBRARIES = YES;
				BUNDLE_LOADER = "$(TEST_HOST)";
				CODE_SIGN_STYLE = Automatic;
				CURRENT_PROJECT_VERSION = 1;
				GENERATE_INFOPLIST_FILE = YES;
				IPHONEOS_DEPLOYMENT_TARGET = 17.0;
				MARKETING_VERSION = 1.0;
				PRODUCT_BUNDLE_IDENTIFIER = HodaElnaghy.GitGlimpseTests;
				PRODUCT_NAME = "$(TARGET_NAME)";
				SWIFT_EMIT_LOC_STRINGS = NO;
				SWIFT_VERSION = 5.0;
				TARGETED_DEVICE_FAMILY = "1,2";
				TEST_HOST = "$(BUILT_PRODUCTS_DIR)/GitGlimpse.app/$(BUNDLE_EXECUTABLE_FOLDER_PATH)/GitGlimpse";
			};
			name = Release;
		};
		59C9FC572AE930C5002DF785 /* Debug */ = {
			isa = XCBuildConfiguration;
			buildSettings = {
				ALWAYS_EMBED_SWIFT_STANDARD_LIBRARIES = YES;
				CODE_SIGN_STYLE = Automatic;
				CURRENT_PROJECT_VERSION = 1;
				GENERATE_INFOPLIST_FILE = YES;
				MARKETING_VERSION = 1.0;
				PRODUCT_BUNDLE_IDENTIFIER = HodaElnaghy.GitGlimpseUITests;
				PRODUCT_NAME = "$(TARGET_NAME)";
				SWIFT_EMIT_LOC_STRINGS = NO;
				SWIFT_VERSION = 5.0;
				TARGETED_DEVICE_FAMILY = "1,2";
				TEST_TARGET_NAME = GitGlimpse;
			};
			name = Debug;
		};
		59C9FC582AE930C5002DF785 /* Release */ = {
			isa = XCBuildConfiguration;
			buildSettings = {
				ALWAYS_EMBED_SWIFT_STANDARD_LIBRARIES = YES;
				CODE_SIGN_STYLE = Automatic;
				CURRENT_PROJECT_VERSION = 1;
				GENERATE_INFOPLIST_FILE = YES;
				MARKETING_VERSION = 1.0;
				PRODUCT_BUNDLE_IDENTIFIER = HodaElnaghy.GitGlimpseUITests;
				PRODUCT_NAME = "$(TARGET_NAME)";
				SWIFT_EMIT_LOC_STRINGS = NO;
				SWIFT_VERSION = 5.0;
				TARGETED_DEVICE_FAMILY = "1,2";
				TEST_TARGET_NAME = GitGlimpse;
			};
			name = Release;
		};
/* End XCBuildConfiguration section */

/* Begin XCConfigurationList section */
		59C9FC212AE930C4002DF785 /* Build configuration list for PBXProject "GitGlimpse" */ = {
			isa = XCConfigurationList;
			buildConfigurations = (
				59C9FC4E2AE930C5002DF785 /* Debug */,
				59C9FC4F2AE930C5002DF785 /* Release */,
			);
			defaultConfigurationIsVisible = 0;
			defaultConfigurationName = Release;
		};
		59C9FC502AE930C5002DF785 /* Build configuration list for PBXNativeTarget "GitGlimpse" */ = {
			isa = XCConfigurationList;
			buildConfigurations = (
				59C9FC512AE930C5002DF785 /* Debug */,
				59C9FC522AE930C5002DF785 /* Release */,
			);
			defaultConfigurationIsVisible = 0;
			defaultConfigurationName = Release;
		};
		59C9FC532AE930C5002DF785 /* Build configuration list for PBXNativeTarget "GitGlimpseTests" */ = {
			isa = XCConfigurationList;
			buildConfigurations = (
				59C9FC542AE930C5002DF785 /* Debug */,
				59C9FC552AE930C5002DF785 /* Release */,
			);
			defaultConfigurationIsVisible = 0;
			defaultConfigurationName = Release;
		};
		59C9FC562AE930C5002DF785 /* Build configuration list for PBXNativeTarget "GitGlimpseUITests" */ = {
			isa = XCConfigurationList;
			buildConfigurations = (
				59C9FC572AE930C5002DF785 /* Debug */,
				59C9FC582AE930C5002DF785 /* Release */,
			);
			defaultConfigurationIsVisible = 0;
			defaultConfigurationName = Release;
		};
/* End XCConfigurationList section */

/* Begin XCRemoteSwiftPackageReference section */
		596681AB2AED1F2F00DF9AA0 /* XCRemoteSwiftPackageReference "Kingfisher" */ = {
			isa = XCRemoteSwiftPackageReference;
			repositoryURL = "https://github.com/onevcat/Kingfisher";
			requirement = {
				kind = upToNextMajorVersion;
				minimumVersion = 7.9.1;
			};
		};
		596681AE2AED1FEC00DF9AA0 /* XCRemoteSwiftPackageReference "Connectivity" */ = {
			isa = XCRemoteSwiftPackageReference;
			repositoryURL = "https://github.com/rwbutler/Connectivity";
			requirement = {
				kind = upToNextMajorVersion;
				minimumVersion = 6.1.1;
			};
		};
		596681B12AED207D00DF9AA0 /* XCRemoteSwiftPackageReference "realm-swift" */ = {
			isa = XCRemoteSwiftPackageReference;
			repositoryURL = "https://github.com/realm/realm-swift";
			requirement = {
				branch = master;
				kind = branch;
			};
		};
		596681B62AED246D00DF9AA0 /* XCRemoteSwiftPackageReference "Alamofire" */ = {
			isa = XCRemoteSwiftPackageReference;
			repositoryURL = "https://github.com/Alamofire/Alamofire";
			requirement = {
				kind = upToNextMajorVersion;
				minimumVersion = 5.8.1;
			};
		};
/* End XCRemoteSwiftPackageReference section */

/* Begin XCSwiftPackageProductDependency section */
		596681AC2AED1F2F00DF9AA0 /* Kingfisher */ = {
			isa = XCSwiftPackageProductDependency;
			package = 596681AB2AED1F2F00DF9AA0 /* XCRemoteSwiftPackageReference "Kingfisher" */;
			productName = Kingfisher;
		};
		596681AF2AED1FEC00DF9AA0 /* Connectivity */ = {
			isa = XCSwiftPackageProductDependency;
			package = 596681AE2AED1FEC00DF9AA0 /* XCRemoteSwiftPackageReference "Connectivity" */;
			productName = Connectivity;
		};
		596681B22AED22D800DF9AA0 /* Realm */ = {
			isa = XCSwiftPackageProductDependency;
			productName = Realm;
		};
		596681B42AED22D800DF9AA0 /* RealmSwift */ = {
			isa = XCSwiftPackageProductDependency;
			productName = RealmSwift;
		};
		596681B72AED246D00DF9AA0 /* Alamofire */ = {
			isa = XCSwiftPackageProductDependency;
			package = 596681B62AED246D00DF9AA0 /* XCRemoteSwiftPackageReference "Alamofire" */;
			productName = Alamofire;
		};
/* End XCSwiftPackageProductDependency section */
	};
	rootObject = 59C9FC1E2AE930C4002DF785 /* Project object */;
}
